
Microsoft Visual Studio Solution File, Format Version 12.00
# Visual Studio Version 18
VisualStudioVersion = 18.9.12105.275 stable
MinimumVisualStudioVersion = 10.0.40219.1
Project("{FAE04EC0-301F-11D3-BF4B-00C04F79EFBC}") = "SocialNetworkAPI", "SocialNetworkAPI.csproj", "{4FF12793-FA4A-4408-BE1F-3BC327EEBA60}"
EndProject
Project("{FAE04EC0-301F-11D3-BF4B-00C04F79EFBC}") = "Domain", "..\Domain\Domain.csproj", "{C1438B86-6685-47B4-8B72-E793459C3FA7}"
EndProject
Project("{FAE04EC0-301F-11D3-BF4B-00C04F79EFBC}") = "Infrastructure", "..\Infrastructure\Infrastructure.csproj", "{A0259BD6-1E61-452B-8437-570E16FB7ABA}"
EndProject
Project("{FAE04EC0-301F-11D3-BF4B-00C04F79EFBC}") = "Application", "..\Application\Application.csproj", "{71945477-BF3B-4C7C-B3CB-69122710D581}"
EndProject
Global
	GlobalSection(SolutionConfigurationPlatforms) = preSolution
		Debug|Any CPU = Debug|Any CPU
		Release|Any CPU = Release|Any CPU
	EndGlobalSection
	GlobalSection(ProjectConfigurationPlatforms) = postSolution
		{4FF12793-FA4A-4408-BE1F-3BC327EEBA60}.Debug|Any CPU.ActiveCfg = Debug|Any CPU
		{4FF12793-FA4A-4408-BE1F-3BC327EEBA60}.Debug|Any CPU.Build.0 = Debug|Any CPU
		{4FF12793-FA4A-4408-BE1F-3BC327EEBA60}.Release|Any CPU.ActiveCfg = Release|Any CPU
		{4FF12793-FA4A-4408-BE1F-3BC327EEBA60}.Release|Any CPU.Build.0 = Release|Any CPU
		{C1438B86-6685-47B4-8B72-E793459C3FA7}.Debug|Any CPU.ActiveCfg = Debug|Any CPU
		{C1438B86-6685-47B4-8B72-E793459C3FA7}.Debug|Any CPU.Build.0 = Debug|Any CPU
		{C1438B86-6685-47B4-8B72-E793459C3FA7}.Release|Any CPU.ActiveCfg = Release|Any CPU
		{C1438B86-6685-47B4-8B72-E793459C3FA7}.Release|Any CPU.Build.0 = Release|Any CPU
		{A0259BD6-1E61-452B-8437-570E16FB7ABA}.Debug|Any CPU.ActiveCfg = Debug|Any CPU
		{A0259BD6-1E61-452B-8437-570E16FB7ABA}.Debug|Any CPU.Build.0 = Debug|Any CPU
		{A0259BD6-1E61-452B-8437-570E16FB7ABA}.Release|Any CPU.ActiveCfg = Release|Any CPU
		{A0259BD6-1E61-452B-8437-570E16FB7ABA}.Release|Any CPU.Build.0 = Release|Any CPU
		{71945477-BF3B-4C7C-B3CB-69122710D581}.Debug|Any CPU.ActiveCfg = Debug|Any CPU
		{71945477-BF3B-4C7C-B3CB-69122710D581}.Debug|Any CPU.Build.0 = Debug|Any CPU
		{71945477-BF3B-4C7C-B3CB-69122710D581}.Release|Any CPU.ActiveCfg = Release|Any CPU
		{71945477-BF3B-4C7C-B3CB-69122710D581}.Release|Any CPU.Build.0 = Release|Any CPU
	EndGlobalSection
	GlobalSection(SolutionProperties) = preSolution
		HideSolutionNode = FALSE
	EndGlobalSection
	GlobalSection(ExtensibilityGlobals) = postSolution
		SolutionGuid = {B2BA2C1B-BEFC-4F85-B2EA-C53EC20FFB02}
	EndGlobalSection
EndGlobal
